
Microsoft Visual Studio Solution File, Format Version 12.00
# Visual Studio Version 16
VisualStudioVersion = 16.0.30104.148
MinimumVisualStudioVersion = 10.0.40219.1
Project("{FAE04EC0-301F-11D3-BF4B-00C04F79EFBC}") = "PointOfSale", "PointOfSale.csproj", "{107C8B6C-E54B-4564-BBBE-18214793D528}"
EndProject
Global
	GlobalSection(SolutionConfigurationPlatforms) = preSolution
		Debug|Any CPU = Debug|Any CPU
		Release|Any CPU = Release|Any CPU
	EndGlobalSection
	GlobalSection(ProjectConfigurationPlatforms) = postSolution
		{107C8B6C-E54B-4564-BBBE-18214793D528}.Debug|Any CPU.ActiveCfg = Debug|Any CPU
		{107C8B6C-E54B-4564-BBBE-18214793D528}.Debug|Any CPU.Build.0 = Debug|Any CPU
		{107C8B6C-E54B-4564-BBBE-18214793D528}.Release|Any CPU.ActiveCfg = Release|Any CPU
		{107C8B6C-E54B-4564-BBBE-18214793D528}.Release|Any CPU.Build.0 = Release|Any CPU
	EndGlobalSection
	GlobalSection(SolutionProperties) = preSolution
		HideSolutionNode = FALSE
	EndGlobalSection
	GlobalSection(ExtensibilityGlobals) = postSolution
		SolutionGuid = {ED815F48-88BB-4E9C-940B-C9A7A4942A31}
	EndGlobalSection
EndGlobal
